
Microsoft Visual Studio Solution File, Format Version 12.00
# Visual Studio Version 17
VisualStudioVersion = 17.0.32112.339
MinimumVisualStudioVersion = 10.0.40219.1
Project("{FAE04EC0-301F-11D3-BF4B-00C04F79EFBC}") = "StockMarketCodingChallengeWpfApp", "StockMarketCodingChallenge\StockMarketCodingChallengeWpfApp.csproj", "{32F352A3-BE99-4A07-8DD8-D7E43D220D2F}"
EndProject
Project("{9A19103F-16F7-4668-BE54-9A1E7A4F7556}") = "DomainModels", "DomainModels\DomainModels.csproj", "{87FFE888-330F-4DAE-B122-07BA7F0A9DEC}"
EndProject
Project("{9A19103F-16F7-4668-BE54-9A1E7A4F7556}") = "YahooFinanceWebApi", "YahooFinanceWebApi\YahooFinanceWebApi.csproj", "{D629B6A8-4CFD-423E-A442-8F1BB08CB976}"
EndProject
Global
	GlobalSection(SolutionConfigurationPlatforms) = preSolution
		Debug|Any CPU = Debug|Any CPU
		Release|Any CPU = Release|Any CPU
	EndGlobalSection
	GlobalSection(ProjectConfigurationPlatforms) = postSolution
		{32F352A3-BE99-4A07-8DD8-D7E43D220D2F}.Debug|Any CPU.ActiveCfg = Debug|Any CPU
		{32F352A3-BE99-4A07-8DD8-D7E43D220D2F}.Debug|Any CPU.Build.0 = Debug|Any CPU
		{32F352A3-BE99-4A07-8DD8-D7E43D220D2F}.Release|Any CPU.ActiveCfg = Release|Any CPU
		{32F352A3-BE99-4A07-8DD8-D7E43D220D2F}.Release|Any CPU.Build.0 = Release|Any CPU
		{87FFE888-330F-4DAE-B122-07BA7F0A9DEC}.Debug|Any CPU.ActiveCfg = Debug|Any CPU
		{87FFE888-330F-4DAE-B122-07BA7F0A9DEC}.Debug|Any CPU.Build.0 = Debug|Any CPU
		{87FFE888-330F-4DAE-B122-07BA7F0A9DEC}.Release|Any CPU.ActiveCfg = Release|Any CPU
		{87FFE888-330F-4DAE-B122-07BA7F0A9DEC}.Release|Any CPU.Build.0 = Release|Any CPU
		{D629B6A8-4CFD-423E-A442-8F1BB08CB976}.Debug|Any CPU.ActiveCfg = Debug|Any CPU
		{D629B6A8-4CFD-423E-A442-8F1BB08CB976}.Debug|Any CPU.Build.0 = Debug|Any CPU
		{D629B6A8-4CFD-423E-A442-8F1BB08CB976}.Release|Any CPU.ActiveCfg = Release|Any CPU
		{D629B6A8-4CFD-423E-A442-8F1BB08CB976}.Release|Any CPU.Build.0 = Release|Any CPU
	EndGlobalSection
	GlobalSection(SolutionProperties) = preSolution
		HideSolutionNode = FALSE
	EndGlobalSection
	GlobalSection(ExtensibilityGlobals) = postSolution
		SolutionGuid = {C1C27A44-9919-4C25-9B87-E4BAD3834970}
	EndGlobalSection
EndGlobal
